// !$*UTF8*$!
{
	archiveVersion = 1;
	classes = {
	};
	objectVersion = 46;
	objects = {

/* Begin PBXBuildFile section */
		56EF6D421CBEFA3E0035AE7D /* background_muffin3@2x.png in Resources */ = {isa = PBXBuildFile; fileRef = 56EF6D361CBEFA3E0035AE7D /* background_muffin3@2x.png */; };
		56EF6D431CBEFA3E0035AE7D /* blueblur@2x.png in Resources */ = {isa = PBXBuildFile; fileRef = 56EF6D371CBEFA3E0035AE7D /* blueblur@2x.png */; };
		56EF6D441CBEFA3E0035AE7D /* burg@2x.jpg in Resources */ = {isa = PBXBuildFile; fileRef = 56EF6D381CBEFA3E0035AE7D /* burg@2x.jpg */; };
		56EF6D451CBEFA3E0035AE7D /* dining room3@2x.png in Resources */ = {isa = PBXBuildFile; fileRef = 56EF6D391CBEFA3E0035AE7D /* dining room3@2x.png */; };
		56EF6D461CBEFA3E0035AE7D /* dining room@2x.png in Resources */ = {isa = PBXBuildFile; fileRef = 56EF6D3A1CBEFA3E0035AE7D /* dining room@2x.png */; };
		56EF6D471CBEFA3E0035AE7D /* eggs@2x.jpg in Resources */ = {isa = PBXBuildFile; fileRef = 56EF6D3B1CBEFA3E0035AE7D /* eggs@2x.jpg */; };
		56EF6D481CBEFA3E0035AE7D /* pub1-01@2x.png in Resources */ = {isa = PBXBuildFile; fileRef = 56EF6D3C1CBEFA3E0035AE7D /* pub1-01@2x.png */; };
		56EF6D491CBEFA3E0035AE7D /* pub3@2x.png in Resources */ = {isa = PBXBuildFile; fileRef = 56EF6D3D1CBEFA3E0035AE7D /* pub3@2x.png */; };
		56EF6D4A1CBEFA3E0035AE7D /* smooth@2x.jpg in Resources */ = {isa = PBXBuildFile; fileRef = 56EF6D3E1CBEFA3E0035AE7D /* smooth@2x.jpg */; };
		56EF6D4B1CBEFA3E0035AE7D /* smoothie@2x.jpg in Resources */ = {isa = PBXBuildFile; fileRef = 56EF6D3F1CBEFA3E0035AE7D /* smoothie@2x.jpg */; };
		56EF6D4C1CBEFA3E0035AE7D /* square-facebook-512@2x.png in Resources */ = {isa = PBXBuildFile; fileRef = 56EF6D401CBEFA3E0035AE7D /* square-facebook-512@2x.png */; };
		56EF6D4F1CBEFAB50035AE7D /* arrow39@2x.png in Resources */ = {isa = PBXBuildFile; fileRef = 56EF6D4D1CBEFAB50035AE7D /* arrow39@2x.png */; };
		56EF6D501CBEFAB50035AE7D /* contacts1@2x.png in Resources */ = {isa = PBXBuildFile; fileRef = 56EF6D4E1CBEFAB50035AE7D /* contacts1@2x.png */; };
		56EF6D641CBEFB8D0035AE7D /* Lora-Regular.ttf in Resources */ = {isa = PBXBuildFile; fileRef = 56EF6D521CBEFB8D0035AE7D /* Lora-Regular.ttf */; };
		56EF6D651CBEFB8D0035AE7D /* Lora1-Italic.ttf in Resources */ = {isa = PBXBuildFile; fileRef = 56EF6D531CBEFB8D0035AE7D /* Lora1-Italic.ttf */; };
		56EF6D661CBEFB8D0035AE7D /* Lora2-Bold.ttf in Resources */ = {isa = PBXBuildFile; fileRef = 56EF6D541CBEFB8D0035AE7D /* Lora2-Bold.ttf */; };
		56EF6D671CBEFB8D0035AE7D /* Lora3-BoldItalic.ttf in Resources */ = {isa = PBXBuildFile; fileRef = 56EF6D551CBEFB8D0035AE7D /* Lora3-BoldItalic.ttf */; };
		56EF6D681CBEFB8D0035AE7D /* OpenSans-Bold.ttf in Resources */ = {isa = PBXBuildFile; fileRef = 56EF6D561CBEFB8D0035AE7D /* OpenSans-Bold.ttf */; };
		56EF6D691CBEFB8D0035AE7D /* OpenSans-BoldItalic.ttf in Resources */ = {isa = PBXBuildFile; fileRef = 56EF6D571CBEFB8D0035AE7D /* OpenSans-BoldItalic.ttf */; };
		56EF6D6A1CBEFB8D0035AE7D /* OpenSans-ExtraBold.ttf in Resources */ = {isa = PBXBuildFile; fileRef = 56EF6D581CBEFB8D0035AE7D /* OpenSans-ExtraBold.ttf */; };
		56EF6D6B1CBEFB8D0035AE7D /* OpenSans-ExtraBoldItalic.ttf in Resources */ = {isa = PBXBuildFile; fileRef = 56EF6D591CBEFB8D0035AE7D /* OpenSans-ExtraBoldItalic.ttf */; };
		56EF6D6C1CBEFB8D0035AE7D /* OpenSans-Italic.ttf in Resources */ = {isa = PBXBuildFile; fileRef = 56EF6D5A1CBEFB8D0035AE7D /* OpenSans-Italic.ttf */; };
		56EF6D6D1CBEFB8D0035AE7D /* OpenSans-Light.ttf in Resources */ = {isa = PBXBuildFile; fileRef = 56EF6D5B1CBEFB8D0035AE7D /* OpenSans-Light.ttf */; };
		56EF6D6E1CBEFB8D0035AE7D /* OpenSans-LightItalic.ttf in Resources */ = {isa = PBXBuildFile; fileRef = 56EF6D5C1CBEFB8D0035AE7D /* OpenSans-LightItalic.ttf */; };
		56EF6D6F1CBEFB8D0035AE7D /* OpenSans-Regular.ttf in Resources */ = {isa = PBXBuildFile; fileRef = 56EF6D5D1CBEFB8D0035AE7D /* OpenSans-Regular.ttf */; };
		56EF6D701CBEFB8D0035AE7D /* OpenSans-Semibold.ttf in Resources */ = {isa = PBXBuildFile; fileRef = 56EF6D5E1CBEFB8D0035AE7D /* OpenSans-Semibold.ttf */; };
		56EF6D711CBEFB8D0035AE7D /* OpenSans-SemiboldItalic.ttf in Resources */ = {isa = PBXBuildFile; fileRef = 56EF6D5F1CBEFB8D0035AE7D /* OpenSans-SemiboldItalic.ttf */; };
		56EF6D721CBEFB8D0035AE7D /* OpenSans1-Bold.ttf in Resources */ = {isa = PBXBuildFile; fileRef = 56EF6D601CBEFB8D0035AE7D /* OpenSans1-Bold.ttf */; };
		56EF6D731CBEFB8D0035AE7D /* OpenSans2-Semibold.ttf in Resources */ = {isa = PBXBuildFile; fileRef = 56EF6D611CBEFB8D0035AE7D /* OpenSans2-Semibold.ttf */; };
		56EF6D741CBEFB8D0035AE7D /* OpenSans3-Regular.ttf in Resources */ = {isa = PBXBuildFile; fileRef = 56EF6D621CBEFB8D0035AE7D /* OpenSans3-Regular.ttf */; };
		56EF6D751CBEFB8D0035AE7D /* OpenSans4-Light.ttf in Resources */ = {isa = PBXBuildFile; fileRef = 56EF6D631CBEFB8D0035AE7D /* OpenSans4-Light.ttf */; };
		56EF6D791CBEFC170035AE7D /* FBSDKCoreKit.framework in Frameworks */ = {isa = PBXBuildFile; fileRef = 56EF6D761CBEFC170035AE7D /* FBSDKCoreKit.framework */; };
		56EF6D7A1CBEFC170035AE7D /* FBSDKLoginKit.framework in Frameworks */ = {isa = PBXBuildFile; fileRef = 56EF6D771CBEFC170035AE7D /* FBSDKLoginKit.framework */; };
		56EF6D831CBEFC400035AE7D /* Bolts.framework in Frameworks */ = {isa = PBXBuildFile; fileRef = 56EF6D7C1CBEFC400035AE7D /* Bolts.framework */; };
		56EF6D841CBEFC400035AE7D /* Parse.framework in Frameworks */ = {isa = PBXBuildFile; fileRef = 56EF6D7D1CBEFC400035AE7D /* Parse.framework */; };
		56EF6D851CBEFC400035AE7D /* ParseCrashReporting.framework in Frameworks */ = {isa = PBXBuildFile; fileRef = 56EF6D7E1CBEFC400035AE7D /* ParseCrashReporting.framework */; };
		56EF6D861CBEFC400035AE7D /* ParseFacebookUtils.framework in Frameworks */ = {isa = PBXBuildFile; fileRef = 56EF6D7F1CBEFC400035AE7D /* ParseFacebookUtils.framework */; };
		56EF6D871CBEFC400035AE7D /* ParseFacebookUtilsV4.framework in Frameworks */ = {isa = PBXBuildFile; fileRef = 56EF6D801CBEFC400035AE7D /* ParseFacebookUtilsV4.framework */; };
		56EF6D881CBEFC400035AE7D /* ParseTwitterUtils.framework in Frameworks */ = {isa = PBXBuildFile; fileRef = 56EF6D811CBEFC400035AE7D /* ParseTwitterUtils.framework */; };
		56EF6D891CBEFC400035AE7D /* ParseUI.framework in Frameworks */ = {isa = PBXBuildFile; fileRef = 56EF6D821CBEFC400035AE7D /* ParseUI.framework */; };
		56EF6D901CBEFD030035AE7D /* LoginViewController.m in Sources */ = {isa = PBXBuildFile; fileRef = 56EF6D8B1CBEFD030035AE7D /* LoginViewController.m */; };
		56EF6D911CBEFD030035AE7D /* ProfilePictureButton.m in Sources */ = {isa = PBXBuildFile; fileRef = 56EF6D8D1CBEFD030035AE7D /* ProfilePictureButton.m */; };
		56EF6D921CBEFD030035AE7D /* Settings.m in Sources */ = {isa = PBXBuildFile; fileRef = 56EF6D8F1CBEFD030035AE7D /* Settings.m */; };
		56EF6D991CBEFD3E0035AE7D /* CheckInViewController.m in Sources */ = {isa = PBXBuildFile; fileRef = 56EF6D941CBEFD3E0035AE7D /* CheckInViewController.m */; };
		56EF6D9A1CBEFD3E0035AE7D /* FriendsCheckInTableViewCell.m in Sources */ = {isa = PBXBuildFile; fileRef = 56EF6D961CBEFD3E0035AE7D /* FriendsCheckInTableViewCell.m */; };
		56EF6D9B1CBEFD3E0035AE7D /* FriendsCheckInTableViewController.m in Sources */ = {isa = PBXBuildFile; fileRef = 56EF6D981CBEFD3E0035AE7D /* FriendsCheckInTableViewController.m */; };
		56EF6DA41CBEFD7A0035AE7D /* MealsViewController.m in Sources */ = {isa = PBXBuildFile; fileRef = 56EF6D9D1CBEFD7A0035AE7D /* MealsViewController.m */; };
		56EF6DA51CBEFD7A0035AE7D /* TableCellDish.m in Sources */ = {isa = PBXBuildFile; fileRef = 56EF6D9F1CBEFD7A0035AE7D /* TableCellDish.m */; };
		56EF6DA61CBEFD7A0035AE7D /* TableCellMeal.m in Sources */ = {isa = PBXBuildFile; fileRef = 56EF6DA11CBEFD7A0035AE7D /* TableCellMeal.m */; };
		56EF6DA71CBEFD7A0035AE7D /* TableViewControllerDish.m in Sources */ = {isa = PBXBuildFile; fileRef = 56EF6DA31CBEFD7A0035AE7D /* TableViewControllerDish.m */; };
		56EF6DA91CBF030E0035AE7D /* FBSDKShareKit.framework in Frameworks */ = {isa = PBXBuildFile; fileRef = 56EF6DA81CBF030E0035AE7D /* FBSDKShareKit.framework */; };
		5C380FB01C07EAE3004524CF /* MainViewController.m in Sources */ = {isa = PBXBuildFile; fileRef = 5C380FAF1C07EAE3004524CF /* MainViewController.m */; };
		5C3A58691C0F99FA006954DF /* PubHoursViewController.m in Sources */ = {isa = PBXBuildFile; fileRef = 5C3A58681C0F99FA006954DF /* PubHoursViewController.m */; };
		5CCF5AAD1BC6497B008F3476 /* main.m in Sources */ = {isa = PBXBuildFile; fileRef = 5CCF5AAC1BC6497B008F3476 /* main.m */; };
		5CCF5AB01BC6497B008F3476 /* AppDelegate.m in Sources */ = {isa = PBXBuildFile; fileRef = 5CCF5AAF1BC6497B008F3476 /* AppDelegate.m */; };
		5CCF5AB61BC6497B008F3476 /* Main.storyboard in Resources */ = {isa = PBXBuildFile; fileRef = 5CCF5AB41BC6497B008F3476 /* Main.storyboard */; };
		5CCF5AB81BC6497B008F3476 /* Assets.xcassets in Resources */ = {isa = PBXBuildFile; fileRef = 5CCF5AB71BC6497B008F3476 /* Assets.xcassets */; };
		5CCF5ABB1BC6497B008F3476 /* LaunchScreen.storyboard in Resources */ = {isa = PBXBuildFile; fileRef = 5CCF5AB91BC6497B008F3476 /* LaunchScreen.storyboard */; };
		5CCF5AD11BC64E59008F3476 /* AudioToolbox.framework in Frameworks */ = {isa = PBXBuildFile; fileRef = 5CCF5AD01BC64E59008F3476 /* AudioToolbox.framework */; };
		5CCF5AD31BC64E6A008F3476 /* CFNetwork.framework in Frameworks */ = {isa = PBXBuildFile; fileRef = 5CCF5AD21BC64E6A008F3476 /* CFNetwork.framework */; };
		5CCF5AD51BC64EA8008F3476 /* CoreGraphics.framework in Frameworks */ = {isa = PBXBuildFile; fileRef = 5CCF5AD41BC64EA8008F3476 /* CoreGraphics.framework */; };
		5CCF5AD71BC64EC3008F3476 /* CoreLocation.framework in Frameworks */ = {isa = PBXBuildFile; fileRef = 5CCF5AD61BC64EC3008F3476 /* CoreLocation.framework */; };
		5CCF5AD91BC64EDF008F3476 /* MobileCoreServices.framework in Frameworks */ = {isa = PBXBuildFile; fileRef = 5CCF5AD81BC64EDF008F3476 /* MobileCoreServices.framework */; };
		5CCF5ADB1BC64F1B008F3476 /* QuartzCore.framework in Frameworks */ = {isa = PBXBuildFile; fileRef = 5CCF5ADA1BC64F1B008F3476 /* QuartzCore.framework */; };
		5CCF5ADD1BC64F23008F3476 /* Security.framework in Frameworks */ = {isa = PBXBuildFile; fileRef = 5CCF5ADC1BC64F23008F3476 /* Security.framework */; };
		5CCF5ADF1BC64F30008F3476 /* StoreKit.framework in Frameworks */ = {isa = PBXBuildFile; fileRef = 5CCF5ADE1BC64F30008F3476 /* StoreKit.framework */; };
		5CCF5AE11BC64F3D008F3476 /* SystemConfiguration.framework in Frameworks */ = {isa = PBXBuildFile; fileRef = 5CCF5AE01BC64F3D008F3476 /* SystemConfiguration.framework */; };
		5CCF5AE31BC64F6D008F3476 /* libz.tbd in Frameworks */ = {isa = PBXBuildFile; fileRef = 5CCF5AE21BC64F6D008F3476 /* libz.tbd */; };
		5CCF5AE51BC64F7F008F3476 /* libsqlite3.tbd in Frameworks */ = {isa = PBXBuildFile; fileRef = 5CCF5AE41BC64F7F008F3476 /* libsqlite3.tbd */; };
/* End PBXBuildFile section */

/* Begin PBXFileReference section */
		56E964AB1CB8D0FD00C2C148 /* Prin Food.entitlements */ = {isa = PBXFileReference; lastKnownFileType = text.xml; path = "Prin Food.entitlements"; sourceTree = "<group>"; };
		56EF6D361CBEFA3E0035AE7D /* background_muffin3@2x.png */ = {isa = PBXFileReference; lastKnownFileType = image.png; path = "background_muffin3@2x.png"; sourceTree = "<group>"; };
		56EF6D371CBEFA3E0035AE7D /* blueblur@2x.png */ = {isa = PBXFileReference; lastKnownFileType = image.png; path = "blueblur@2x.png"; sourceTree = "<group>"; };
		56EF6D381CBEFA3E0035AE7D /* burg@2x.jpg */ = {isa = PBXFileReference; lastKnownFileType = image.jpeg; path = "burg@2x.jpg"; sourceTree = "<group>"; };
		56EF6D391CBEFA3E0035AE7D /* dining room3@2x.png */ = {isa = PBXFileReference; lastKnownFileType = image.png; path = "dining room3@2x.png"; sourceTree = "<group>"; };
		56EF6D3A1CBEFA3E0035AE7D /* dining room@2x.png */ = {isa = PBXFileReference; lastKnownFileType = image.png; path = "dining room@2x.png"; sourceTree = "<group>"; };
		56EF6D3B1CBEFA3E0035AE7D /* eggs@2x.jpg */ = {isa = PBXFileReference; lastKnownFileType = image.jpeg; path = "eggs@2x.jpg"; sourceTree = "<group>"; };
		56EF6D3C1CBEFA3E0035AE7D /* pub1-01@2x.png */ = {isa = PBXFileReference; lastKnownFileType = image.png; path = "pub1-01@2x.png"; sourceTree = "<group>"; };
		56EF6D3D1CBEFA3E0035AE7D /* pub3@2x.png */ = {isa = PBXFileReference; lastKnownFileType = image.png; path = "pub3@2x.png"; sourceTree = "<group>"; };
		56EF6D3E1CBEFA3E0035AE7D /* smooth@2x.jpg */ = {isa = PBXFileReference; lastKnownFileType = image.jpeg; path = "smooth@2x.jpg"; sourceTree = "<group>"; };
		56EF6D3F1CBEFA3E0035AE7D /* smoothie@2x.jpg */ = {isa = PBXFileReference; lastKnownFileType = image.jpeg; path = "smoothie@2x.jpg"; sourceTree = "<group>"; };
		56EF6D401CBEFA3E0035AE7D /* square-facebook-512@2x.png */ = {isa = PBXFileReference; lastKnownFileType = image.png; path = "square-facebook-512@2x.png"; sourceTree = "<group>"; };
		56EF6D4D1CBEFAB50035AE7D /* arrow39@2x.png */ = {isa = PBXFileReference; lastKnownFileType = image.png; path = "arrow39@2x.png"; sourceTree = "<group>"; };
		56EF6D4E1CBEFAB50035AE7D /* contacts1@2x.png */ = {isa = PBXFileReference; lastKnownFileType = image.png; path = "contacts1@2x.png"; sourceTree = "<group>"; };
		56EF6D521CBEFB8D0035AE7D /* Lora-Regular.ttf */ = {isa = PBXFileReference; lastKnownFileType = file; path = "Lora-Regular.ttf"; sourceTree = "<group>"; };
		56EF6D531CBEFB8D0035AE7D /* Lora1-Italic.ttf */ = {isa = PBXFileReference; lastKnownFileType = file; path = "Lora1-Italic.ttf"; sourceTree = "<group>"; };
		56EF6D541CBEFB8D0035AE7D /* Lora2-Bold.ttf */ = {isa = PBXFileReference; lastKnownFileType = file; path = "Lora2-Bold.ttf"; sourceTree = "<group>"; };
		56EF6D551CBEFB8D0035AE7D /* Lora3-BoldItalic.ttf */ = {isa = PBXFileReference; lastKnownFileType = file; path = "Lora3-BoldItalic.ttf"; sourceTree = "<group>"; };
		56EF6D561CBEFB8D0035AE7D /* OpenSans-Bold.ttf */ = {isa = PBXFileReference; lastKnownFileType = file; path = "OpenSans-Bold.ttf"; sourceTree = "<group>"; };
		56EF6D571CBEFB8D0035AE7D /* OpenSans-BoldItalic.ttf */ = {isa = PBXFileReference; lastKnownFileType = file; path = "OpenSans-BoldItalic.ttf"; sourceTree = "<group>"; };
		56EF6D581CBEFB8D0035AE7D /* OpenSans-ExtraBold.ttf */ = {isa = PBXFileReference; lastKnownFileType = file; path = "OpenSans-ExtraBold.ttf"; sourceTree = "<group>"; };
		56EF6D591CBEFB8D0035AE7D /* OpenSans-ExtraBoldItalic.ttf */ = {isa = PBXFileReference; lastKnownFileType = file; path = "OpenSans-ExtraBoldItalic.ttf"; sourceTree = "<group>"; };
		56EF6D5A1CBEFB8D0035AE7D /* OpenSans-Italic.ttf */ = {isa = PBXFileReference; lastKnownFileType = file; path = "OpenSans-Italic.ttf"; sourceTree = "<group>"; };
		56EF6D5B1CBEFB8D0035AE7D /* OpenSans-Light.ttf */ = {isa = PBXFileReference; lastKnownFileType = file; path = "OpenSans-Light.ttf"; sourceTree = "<group>"; };
		56EF6D5C1CBEFB8D0035AE7D /* OpenSans-LightItalic.ttf */ = {isa = PBXFileReference; lastKnownFileType = file; path = "OpenSans-LightItalic.ttf"; sourceTree = "<group>"; };
		56EF6D5D1CBEFB8D0035AE7D /* OpenSans-Regular.ttf */ = {isa = PBXFileReference; lastKnownFileType = file; path = "OpenSans-Regular.ttf"; sourceTree = "<group>"; };
		56EF6D5E1CBEFB8D0035AE7D /* OpenSans-Semibold.ttf */ = {isa = PBXFileReference; lastKnownFileType = file; path = "OpenSans-Semibold.ttf"; sourceTree = "<group>"; };
		56EF6D5F1CBEFB8D0035AE7D /* OpenSans-SemiboldItalic.ttf */ = {isa = PBXFileReference; lastKnownFileType = file; path = "OpenSans-SemiboldItalic.ttf"; sourceTree = "<group>"; };
		56EF6D601CBEFB8D0035AE7D /* OpenSans1-Bold.ttf */ = {isa = PBXFileReference; lastKnownFileType = file; path = "OpenSans1-Bold.ttf"; sourceTree = "<group>"; };
		56EF6D611CBEFB8D0035AE7D /* OpenSans2-Semibold.ttf */ = {isa = PBXFileReference; lastKnownFileType = file; path = "OpenSans2-Semibold.ttf"; sourceTree = "<group>"; };
		56EF6D621CBEFB8D0035AE7D /* OpenSans3-Regular.ttf */ = {isa = PBXFileReference; lastKnownFileType = file; path = "OpenSans3-Regular.ttf"; sourceTree = "<group>"; };
		56EF6D631CBEFB8D0035AE7D /* OpenSans4-Light.ttf */ = {isa = PBXFileReference; lastKnownFileType = file; path = "OpenSans4-Light.ttf"; sourceTree = "<group>"; };
		56EF6D761CBEFC170035AE7D /* FBSDKCoreKit.framework */ = {isa = PBXFileReference; lastKnownFileType = wrapper.framework; name = FBSDKCoreKit.framework; path = "Facebook SDK/FBSDKCoreKit.framework"; sourceTree = "<group>"; };
		56EF6D771CBEFC170035AE7D /* FBSDKLoginKit.framework */ = {isa = PBXFileReference; lastKnownFileType = wrapper.framework; name = FBSDKLoginKit.framework; path = "Facebook SDK/FBSDKLoginKit.framework"; sourceTree = "<group>"; };
		56EF6D7C1CBEFC400035AE7D /* Bolts.framework */ = {isa = PBXFileReference; lastKnownFileType = wrapper.framework; name = Bolts.framework; path = Parse/Bolts.framework; sourceTree = "<group>"; };
		56EF6D7D1CBEFC400035AE7D /* Parse.framework */ = {isa = PBXFileReference; lastKnownFileType = wrapper.framework; name = Parse.framework; path = Parse/Parse.framework; sourceTree = "<group>"; };
		56EF6D7E1CBEFC400035AE7D /* ParseCrashReporting.framework */ = {isa = PBXFileReference; lastKnownFileType = wrapper.framework; name = ParseCrashReporting.framework; path = Parse/ParseCrashReporting.framework; sourceTree = "<group>"; };
		56EF6D7F1CBEFC400035AE7D /* ParseFacebookUtils.framework */ = {isa = PBXFileReference; lastKnownFileType = wrapper.framework; name = ParseFacebookUtils.framework; path = Parse/ParseFacebookUtils.framework; sourceTree = "<group>"; };
		56EF6D801CBEFC400035AE7D /* ParseFacebookUtilsV4.framework */ = {isa = PBXFileReference; lastKnownFileType = wrapper.framework; name = ParseFacebookUtilsV4.framework; path = Parse/ParseFacebookUtilsV4.framework; sourceTree = "<group>"; };
		56EF6D811CBEFC400035AE7D /* ParseTwitterUtils.framework */ = {isa = PBXFileReference; lastKnownFileType = wrapper.framework; name = ParseTwitterUtils.framework; path = Parse/ParseTwitterUtils.framework; sourceTree = "<group>"; };
		56EF6D821CBEFC400035AE7D /* ParseUI.framework */ = {isa = PBXFileReference; lastKnownFileType = wrapper.framework; name = ParseUI.framework; path = Parse/ParseUI.framework; sourceTree = "<group>"; };
		56EF6D8A1CBEFD030035AE7D /* LoginViewController.h */ = {isa = PBXFileReference; fileEncoding = 4; lastKnownFileType = sourcecode.c.h; name = LoginViewController.h; path = Login/LoginViewController.h; sourceTree = "<group>"; };
		56EF6D8B1CBEFD030035AE7D /* LoginViewController.m */ = {isa = PBXFileReference; fileEncoding = 4; lastKnownFileType = sourcecode.c.objc; name = LoginViewController.m; path = Login/LoginViewController.m; sourceTree = "<group>"; };
		56EF6D8C1CBEFD030035AE7D /* ProfilePictureButton.h */ = {isa = PBXFileReference; fileEncoding = 4; lastKnownFileType = sourcecode.c.h; name = ProfilePictureButton.h; path = Login/ProfilePictureButton.h; sourceTree = "<group>"; };
		56EF6D8D1CBEFD030035AE7D /* ProfilePictureButton.m */ = {isa = PBXFileReference; fileEncoding = 4; lastKnownFileType = sourcecode.c.objc; name = ProfilePictureButton.m; path = Login/ProfilePictureButton.m; sourceTree = "<group>"; };
		56EF6D8E1CBEFD030035AE7D /* Settings.h */ = {isa = PBXFileReference; fileEncoding = 4; lastKnownFileType = sourcecode.c.h; name = Settings.h; path = Login/Settings.h; sourceTree = "<group>"; };
		56EF6D8F1CBEFD030035AE7D /* Settings.m */ = {isa = PBXFileReference; fileEncoding = 4; lastKnownFileType = sourcecode.c.objc; name = Settings.m; path = Login/Settings.m; sourceTree = "<group>"; };
		56EF6D931CBEFD3E0035AE7D /* CheckInViewController.h */ = {isa = PBXFileReference; fileEncoding = 4; lastKnownFileType = sourcecode.c.h; name = CheckInViewController.h; path = CheckIn/CheckInViewController.h; sourceTree = "<group>"; };
		56EF6D941CBEFD3E0035AE7D /* CheckInViewController.m */ = {isa = PBXFileReference; fileEncoding = 4; lastKnownFileType = sourcecode.c.objc; name = CheckInViewController.m; path = CheckIn/CheckInViewController.m; sourceTree = "<group>"; };
		56EF6D951CBEFD3E0035AE7D /* FriendsCheckInTableViewCell.h */ = {isa = PBXFileReference; fileEncoding = 4; lastKnownFileType = sourcecode.c.h; name = FriendsCheckInTableViewCell.h; path = CheckIn/FriendsCheckInTableViewCell.h; sourceTree = "<group>"; };
		56EF6D961CBEFD3E0035AE7D /* FriendsCheckInTableViewCell.m */ = {isa = PBXFileReference; fileEncoding = 4; lastKnownFileType = sourcecode.c.objc; name = FriendsCheckInTableViewCell.m; path = CheckIn/FriendsCheckInTableViewCell.m; sourceTree = "<group>"; };
		56EF6D971CBEFD3E0035AE7D /* FriendsCheckInTableViewController.h */ = {isa = PBXFileReference; fileEncoding = 4; lastKnownFileType = sourcecode.c.h; name = FriendsCheckInTableViewController.h; path = CheckIn/FriendsCheckInTableViewController.h; sourceTree = "<group>"; };
		56EF6D981CBEFD3E0035AE7D /* FriendsCheckInTableViewController.m */ = {isa = PBXFileReference; fileEncoding = 4; lastKnownFileType = sourcecode.c.objc; name = FriendsCheckInTableViewController.m; path = CheckIn/FriendsCheckInTableViewController.m; sourceTree = "<group>"; };
		56EF6D9C1CBEFD7A0035AE7D /* MealsViewController.h */ = {isa = PBXFileReference; fileEncoding = 4; lastKnownFileType = sourcecode.c.h; name = MealsViewController.h; path = Dining/MealsViewController.h; sourceTree = "<group>"; };
		56EF6D9D1CBEFD7A0035AE7D /* MealsViewController.m */ = {isa = PBXFileReference; fileEncoding = 4; lastKnownFileType = sourcecode.c.objc; name = MealsViewController.m; path = Dining/MealsViewController.m; sourceTree = "<group>"; };
		56EF6D9E1CBEFD7A0035AE7D /* TableCellDish.h */ = {isa = PBXFileReference; fileEncoding = 4; lastKnownFileType = sourcecode.c.h; name = TableCellDish.h; path = Dining/TableCellDish.h; sourceTree = "<group>"; };
		56EF6D9F1CBEFD7A0035AE7D /* TableCellDish.m */ = {isa = PBXFileReference; fileEncoding = 4; lastKnownFileType = sourcecode.c.objc; name = TableCellDish.m; path = Dining/TableCellDish.m; sourceTree = "<group>"; };
		56EF6DA01CBEFD7A0035AE7D /* TableCellMeal.h */ = {isa = PBXFileReference; fileEncoding = 4; lastKnownFileType = sourcecode.c.h; name = TableCellMeal.h; path = Dining/TableCellMeal.h; sourceTree = "<group>"; };
		56EF6DA11CBEFD7A0035AE7D /* TableCellMeal.m */ = {isa = PBXFileReference; fileEncoding = 4; lastKnownFileType = sourcecode.c.objc; name = TableCellMeal.m; path = Dining/TableCellMeal.m; sourceTree = "<group>"; };
		56EF6DA21CBEFD7A0035AE7D /* TableViewControllerDish.h */ = {isa = PBXFileReference; fileEncoding = 4; lastKnownFileType = sourcecode.c.h; name = TableViewControllerDish.h; path = Dining/TableViewControllerDish.h; sourceTree = "<group>"; };
		56EF6DA31CBEFD7A0035AE7D /* TableViewControllerDish.m */ = {isa = PBXFileReference; fileEncoding = 4; lastKnownFileType = sourcecode.c.objc; name = TableViewControllerDish.m; path = Dining/TableViewControllerDish.m; sourceTree = "<group>"; };
		56EF6DA81CBF030E0035AE7D /* FBSDKShareKit.framework */ = {isa = PBXFileReference; lastKnownFileType = wrapper.framework; name = FBSDKShareKit.framework; path = "Facebook SDK/FBSDKShareKit.framework"; sourceTree = "<group>"; };
		5C380FAE1C07EAE3004524CF /* MainViewController.h */ = {isa = PBXFileReference; fileEncoding = 4; lastKnownFileType = sourcecode.c.h; path = MainViewController.h; sourceTree = "<group>"; };
		5C380FAF1C07EAE3004524CF /* MainViewController.m */ = {isa = PBXFileReference; fileEncoding = 4; lastKnownFileType = sourcecode.c.objc; path = MainViewController.m; sourceTree = "<group>"; };
		5C3A58671C0F99FA006954DF /* PubHoursViewController.h */ = {isa = PBXFileReference; fileEncoding = 4; lastKnownFileType = sourcecode.c.h; path = PubHoursViewController.h; sourceTree = "<group>"; };
		5C3A58681C0F99FA006954DF /* PubHoursViewController.m */ = {isa = PBXFileReference; fileEncoding = 4; lastKnownFileType = sourcecode.c.objc; path = PubHoursViewController.m; sourceTree = "<group>"; };
		5CCACC0A1BC8E39100D3CB90 /* Prin Food.app */ = {isa = PBXFileReference; explicitFileType = wrapper.application; includeInIndex = 0; path = "Prin Food.app"; sourceTree = BUILT_PRODUCTS_DIR; };
		5CCF5AAC1BC6497B008F3476 /* main.m */ = {isa = PBXFileReference; lastKnownFileType = sourcecode.c.objc; path = main.m; sourceTree = "<group>"; };
		5CCF5AAE1BC6497B008F3476 /* AppDelegate.h */ = {isa = PBXFileReference; lastKnownFileType = sourcecode.c.h; path = AppDelegate.h; sourceTree = "<group>"; };
		5CCF5AAF1BC6497B008F3476 /* AppDelegate.m */ = {isa = PBXFileReference; lastKnownFileType = sourcecode.c.objc; path = AppDelegate.m; sourceTree = "<group>"; };
		5CCF5AB51BC6497B008F3476 /* Base */ = {isa = PBXFileReference; lastKnownFileType = file.storyboard; name = Base; path = Base.lproj/Main.storyboard; sourceTree = "<group>"; };
		5CCF5AB71BC6497B008F3476 /* Assets.xcassets */ = {isa = PBXFileReference; lastKnownFileType = folder.assetcatalog; path = Assets.xcassets; sourceTree = "<group>"; };
		5CCF5ABA1BC6497B008F3476 /* Base */ = {isa = PBXFileReference; lastKnownFileType = file.storyboard; name = Base; path = Base.lproj/LaunchScreen.storyboard; sourceTree = "<group>"; };
		5CCF5ABC1BC6497B008F3476 /* Info.plist */ = {isa = PBXFileReference; lastKnownFileType = text.plist.xml; path = Info.plist; sourceTree = "<group>"; };
		5CCF5AD01BC64E59008F3476 /* AudioToolbox.framework */ = {isa = PBXFileReference; lastKnownFileType = wrapper.framework; name = AudioToolbox.framework; path = System/Library/Frameworks/AudioToolbox.framework; sourceTree = SDKROOT; };
		5CCF5AD21BC64E6A008F3476 /* CFNetwork.framework */ = {isa = PBXFileReference; lastKnownFileType = wrapper.framework; name = CFNetwork.framework; path = System/Library/Frameworks/CFNetwork.framework; sourceTree = SDKROOT; };
		5CCF5AD41BC64EA8008F3476 /* CoreGraphics.framework */ = {isa = PBXFileReference; lastKnownFileType = wrapper.framework; name = CoreGraphics.framework; path = System/Library/Frameworks/CoreGraphics.framework; sourceTree = SDKROOT; };
		5CCF5AD61BC64EC3008F3476 /* CoreLocation.framework */ = {isa = PBXFileReference; lastKnownFileType = wrapper.framework; name = CoreLocation.framework; path = System/Library/Frameworks/CoreLocation.framework; sourceTree = SDKROOT; };
		5CCF5AD81BC64EDF008F3476 /* MobileCoreServices.framework */ = {isa = PBXFileReference; lastKnownFileType = wrapper.framework; name = MobileCoreServices.framework; path = System/Library/Frameworks/MobileCoreServices.framework; sourceTree = SDKROOT; };
		5CCF5ADA1BC64F1B008F3476 /* QuartzCore.framework */ = {isa = PBXFileReference; lastKnownFileType = wrapper.framework; name = QuartzCore.framework; path = System/Library/Frameworks/QuartzCore.framework; sourceTree = SDKROOT; };
		5CCF5ADC1BC64F23008F3476 /* Security.framework */ = {isa = PBXFileReference; lastKnownFileType = wrapper.framework; name = Security.framework; path = System/Library/Frameworks/Security.framework; sourceTree = SDKROOT; };
		5CCF5ADE1BC64F30008F3476 /* StoreKit.framework */ = {isa = PBXFileReference; lastKnownFileType = wrapper.framework; name = StoreKit.framework; path = System/Library/Frameworks/StoreKit.framework; sourceTree = SDKROOT; };
		5CCF5AE01BC64F3D008F3476 /* SystemConfiguration.framework */ = {isa = PBXFileReference; lastKnownFileType = wrapper.framework; name = SystemConfiguration.framework; path = System/Library/Frameworks/SystemConfiguration.framework; sourceTree = SDKROOT; };
		5CCF5AE21BC64F6D008F3476 /* libz.tbd */ = {isa = PBXFileReference; lastKnownFileType = "sourcecode.text-based-dylib-definition"; name = libz.tbd; path = usr/lib/libz.tbd; sourceTree = SDKROOT; };
		5CCF5AE41BC64F7F008F3476 /* libsqlite3.tbd */ = {isa = PBXFileReference; lastKnownFileType = "sourcecode.text-based-dylib-definition"; name = libsqlite3.tbd; path = usr/lib/libsqlite3.tbd; sourceTree = SDKROOT; };
/* End PBXFileReference section */

/* Begin PBXFrameworksBuildPhase section */
		5CCF5AA51BC6497B008F3476 /* Frameworks */ = {
			isa = PBXFrameworksBuildPhase;
			buildActionMask = 2147483647;
			files = (
				56EF6D831CBEFC400035AE7D /* Bolts.framework in Frameworks */,
				5CCF5AE51BC64F7F008F3476 /* libsqlite3.tbd in Frameworks */,
				56EF6D871CBEFC400035AE7D /* ParseFacebookUtilsV4.framework in Frameworks */,
				56EF6D861CBEFC400035AE7D /* ParseFacebookUtils.framework in Frameworks */,
				5CCF5AE31BC64F6D008F3476 /* libz.tbd in Frameworks */,
				56EF6D851CBEFC400035AE7D /* ParseCrashReporting.framework in Frameworks */,
				56EF6D7A1CBEFC170035AE7D /* FBSDKLoginKit.framework in Frameworks */,
				5CCF5AE11BC64F3D008F3476 /* SystemConfiguration.framework in Frameworks */,
				5CCF5ADF1BC64F30008F3476 /* StoreKit.framework in Frameworks */,
				56EF6D891CBEFC400035AE7D /* ParseUI.framework in Frameworks */,
				56EF6D841CBEFC400035AE7D /* Parse.framework in Frameworks */,
				5CCF5ADD1BC64F23008F3476 /* Security.framework in Frameworks */,
				5CCF5ADB1BC64F1B008F3476 /* QuartzCore.framework in Frameworks */,
				5CCF5AD91BC64EDF008F3476 /* MobileCoreServices.framework in Frameworks */,
				5CCF5AD71BC64EC3008F3476 /* CoreLocation.framework in Frameworks */,
				56EF6D881CBEFC400035AE7D /* ParseTwitterUtils.framework in Frameworks */,
				56EF6D791CBEFC170035AE7D /* FBSDKCoreKit.framework in Frameworks */,
				56EF6DA91CBF030E0035AE7D /* FBSDKShareKit.framework in Frameworks */,
				5CCF5AD51BC64EA8008F3476 /* CoreGraphics.framework in Frameworks */,
				5CCF5AD31BC64E6A008F3476 /* CFNetwork.framework in Frameworks */,
				5CCF5AD11BC64E59008F3476 /* AudioToolbox.framework in Frameworks */,
			);
			runOnlyForDeploymentPostprocessing = 0;
		};
/* End PBXFrameworksBuildPhase section */

/* Begin PBXGroup section */
		56EF6D341CBEFA3E0035AE7D /* Images */ = {
			isa = PBXGroup;
			children = (
				56EF6D4D1CBEFAB50035AE7D /* arrow39@2x.png */,
				56EF6D361CBEFA3E0035AE7D /* background_muffin3@2x.png */,
				56EF6D371CBEFA3E0035AE7D /* blueblur@2x.png */,
				56EF6D381CBEFA3E0035AE7D /* burg@2x.jpg */,
				56EF6D4E1CBEFAB50035AE7D /* contacts1@2x.png */,
				56EF6D391CBEFA3E0035AE7D /* dining room3@2x.png */,
				56EF6D3A1CBEFA3E0035AE7D /* dining room@2x.png */,
				56EF6D3B1CBEFA3E0035AE7D /* eggs@2x.jpg */,
				56EF6D3C1CBEFA3E0035AE7D /* pub1-01@2x.png */,
				56EF6D3D1CBEFA3E0035AE7D /* pub3@2x.png */,
				56EF6D3E1CBEFA3E0035AE7D /* smooth@2x.jpg */,
				56EF6D3F1CBEFA3E0035AE7D /* smoothie@2x.jpg */,
				56EF6D401CBEFA3E0035AE7D /* square-facebook-512@2x.png */,
			);
			path = Images;
			sourceTree = "<group>";
		};
		56EF6D511CBEFB8D0035AE7D /* Fonts */ = {
			isa = PBXGroup;
			children = (
				56EF6D521CBEFB8D0035AE7D /* Lora-Regular.ttf */,
				56EF6D531CBEFB8D0035AE7D /* Lora1-Italic.ttf */,
				56EF6D541CBEFB8D0035AE7D /* Lora2-Bold.ttf */,
				56EF6D551CBEFB8D0035AE7D /* Lora3-BoldItalic.ttf */,
				56EF6D561CBEFB8D0035AE7D /* OpenSans-Bold.ttf */,
				56EF6D571CBEFB8D0035AE7D /* OpenSans-BoldItalic.ttf */,
				56EF6D581CBEFB8D0035AE7D /* OpenSans-ExtraBold.ttf */,
				56EF6D591CBEFB8D0035AE7D /* OpenSans-ExtraBoldItalic.ttf */,
				56EF6D5A1CBEFB8D0035AE7D /* OpenSans-Italic.ttf */,
				56EF6D5B1CBEFB8D0035AE7D /* OpenSans-Light.ttf */,
				56EF6D5C1CBEFB8D0035AE7D /* OpenSans-LightItalic.ttf */,
				56EF6D5D1CBEFB8D0035AE7D /* OpenSans-Regular.ttf */,
				56EF6D5E1CBEFB8D0035AE7D /* OpenSans-Semibold.ttf */,
				56EF6D5F1CBEFB8D0035AE7D /* OpenSans-SemiboldItalic.ttf */,
				56EF6D601CBEFB8D0035AE7D /* OpenSans1-Bold.ttf */,
				56EF6D611CBEFB8D0035AE7D /* OpenSans2-Semibold.ttf */,
				56EF6D621CBEFB8D0035AE7D /* OpenSans3-Regular.ttf */,
				56EF6D631CBEFB8D0035AE7D /* OpenSans4-Light.ttf */,
			);
			path = Fonts;
			sourceTree = "<group>";
		};
		5C3A586A1C0F9A1F006954DF /* Facebook Login */ = {
			isa = PBXGroup;
			children = (
				56EF6D8A1CBEFD030035AE7D /* LoginViewController.h */,
				56EF6D8B1CBEFD030035AE7D /* LoginViewController.m */,
				56EF6D8C1CBEFD030035AE7D /* ProfilePictureButton.h */,
				56EF6D8D1CBEFD030035AE7D /* ProfilePictureButton.m */,
				56EF6D8E1CBEFD030035AE7D /* Settings.h */,
				56EF6D8F1CBEFD030035AE7D /* Settings.m */,
			);
			name = "Facebook Login";
			sourceTree = "<group>";
		};
		5C3A586B1C0F9A73006954DF /* Dining */ = {
			isa = PBXGroup;
			children = (
				56EF6D9C1CBEFD7A0035AE7D /* MealsViewController.h */,
				56EF6D9D1CBEFD7A0035AE7D /* MealsViewController.m */,
				56EF6D9E1CBEFD7A0035AE7D /* TableCellDish.h */,
				56EF6D9F1CBEFD7A0035AE7D /* TableCellDish.m */,
				56EF6DA01CBEFD7A0035AE7D /* TableCellMeal.h */,
				56EF6DA11CBEFD7A0035AE7D /* TableCellMeal.m */,
				56EF6DA21CBEFD7A0035AE7D /* TableViewControllerDish.h */,
				56EF6DA31CBEFD7A0035AE7D /* TableViewControllerDish.m */,
			);
			name = Dining;
			sourceTree = "<group>";
		};
		5C3FD2E11C061D930053B16C /* Parse */ = {
			isa = PBXGroup;
			children = (
				5CCF5AE41BC64F7F008F3476 /* libsqlite3.tbd */,
				5CCF5AE21BC64F6D008F3476 /* libz.tbd */,
				56EF6D7C1CBEFC400035AE7D /* Bolts.framework */,
				56EF6D7D1CBEFC400035AE7D /* Parse.framework */,
				56EF6D7E1CBEFC400035AE7D /* ParseCrashReporting.framework */,
				56EF6D7F1CBEFC400035AE7D /* ParseFacebookUtils.framework */,
				56EF6D801CBEFC400035AE7D /* ParseFacebookUtilsV4.framework */,
				56EF6D811CBEFC400035AE7D /* ParseTwitterUtils.framework */,
				56EF6D821CBEFC400035AE7D /* ParseUI.framework */,
				5CCF5AE01BC64F3D008F3476 /* SystemConfiguration.framework */,
				5CCF5ADE1BC64F30008F3476 /* StoreKit.framework */,
				5CCF5ADC1BC64F23008F3476 /* Security.framework */,
				5CCF5ADA1BC64F1B008F3476 /* QuartzCore.framework */,
				5CCF5AD81BC64EDF008F3476 /* MobileCoreServices.framework */,
				5CCF5AD61BC64EC3008F3476 /* CoreLocation.framework */,
				5CCF5AD41BC64EA8008F3476 /* CoreGraphics.framework */,
				5CCF5AD21BC64E6A008F3476 /* CFNetwork.framework */,
				5CCF5AD01BC64E59008F3476 /* AudioToolbox.framework */,
			);
			name = Parse;
			sourceTree = "<group>";
		};
		5C3FD2E21C061DA10053B16C /* Facebook */ = {
			isa = PBXGroup;
			children = (
				56EF6DA81CBF030E0035AE7D /* FBSDKShareKit.framework */,
				56EF6D761CBEFC170035AE7D /* FBSDKCoreKit.framework */,
				56EF6D771CBEFC170035AE7D /* FBSDKLoginKit.framework */,
			);
			name = Facebook;
			sourceTree = "<group>";
		};
		5C472A711C14D53600BEF532 /* Check In */ = {
			isa = PBXGroup;
			children = (
				56EF6D931CBEFD3E0035AE7D /* CheckInViewController.h */,
				56EF6D941CBEFD3E0035AE7D /* CheckInViewController.m */,
				56EF6D951CBEFD3E0035AE7D /* FriendsCheckInTableViewCell.h */,
				56EF6D961CBEFD3E0035AE7D /* FriendsCheckInTableViewCell.m */,
				56EF6D971CBEFD3E0035AE7D /* FriendsCheckInTableViewController.h */,
				56EF6D981CBEFD3E0035AE7D /* FriendsCheckInTableViewController.m */,
			);
			name = "Check In";
			sourceTree = "<group>";
		};
		5CCF5A9F1BC6497B008F3476 = {
			isa = PBXGroup;
			children = (
				56E964AB1CB8D0FD00C2C148 /* Prin Food.entitlements */,
				5CCF5AAA1BC6497B008F3476 /* PrinFood */,
				56EF6D341CBEFA3E0035AE7D /* Images */,
				5CCF5AE61BC64FF3008F3476 /* Frameworks */,
				5CCACC0A1BC8E39100D3CB90 /* Prin Food.app */,
			);
			sourceTree = "<group>";
		};
		5CCF5AAA1BC6497B008F3476 /* PrinFood */ = {
			isa = PBXGroup;
			children = (
				5CCF5AAE1BC6497B008F3476 /* AppDelegate.h */,
				5CCF5AAF1BC6497B008F3476 /* AppDelegate.m */,
				5C380FAE1C07EAE3004524CF /* MainViewController.h */,
				5C380FAF1C07EAE3004524CF /* MainViewController.m */,
				5C3A58671C0F99FA006954DF /* PubHoursViewController.h */,
				5C3A58681C0F99FA006954DF /* PubHoursViewController.m */,
				5C3A586A1C0F9A1F006954DF /* Facebook Login */,
				5C3A586B1C0F9A73006954DF /* Dining */,
				5C472A711C14D53600BEF532 /* Check In */,
				5CCF5AB41BC6497B008F3476 /* Main.storyboard */,
				5CCF5AB71BC6497B008F3476 /* Assets.xcassets */,
				5CCF5AB91BC6497B008F3476 /* LaunchScreen.storyboard */,
				5CCF5AAB1BC6497B008F3476 /* Supporting Files */,
			);
			path = PrinFood;
			sourceTree = "<group>";
		};
		5CCF5AAB1BC6497B008F3476 /* Supporting Files */ = {
			isa = PBXGroup;
			children = (
				56EF6D511CBEFB8D0035AE7D /* Fonts */,
				5CCF5AAC1BC6497B008F3476 /* main.m */,
				5CCF5ABC1BC6497B008F3476 /* Info.plist */,
			);
			name = "Supporting Files";
			sourceTree = "<group>";
		};
		5CCF5AE61BC64FF3008F3476 /* Frameworks */ = {
			isa = PBXGroup;
			children = (
				5C3FD2E21C061DA10053B16C /* Facebook */,
				5C3FD2E11C061D930053B16C /* Parse */,
			);
			name = Frameworks;
			sourceTree = "<group>";
		};
/* End PBXGroup section */

/* Begin PBXNativeTarget section */
		5CCF5AA71BC6497B008F3476 /* Prin Food */ = {
			isa = PBXNativeTarget;
			buildConfigurationList = 5CCF5ABF1BC6497B008F3476 /* Build configuration list for PBXNativeTarget "Prin Food" */;
			buildPhases = (
				5CCF5AA41BC6497B008F3476 /* Sources */,
				5CCF5AA51BC6497B008F3476 /* Frameworks */,
				5CCF5AA61BC6497B008F3476 /* Resources */,
			);
			buildRules = (
			);
			dependencies = (
			);
			name = "Prin Food";
			productName = PrinFood;
			productReference = 5CCACC0A1BC8E39100D3CB90 /* Prin Food.app */;
			productType = "com.apple.product-type.application";
		};
/* End PBXNativeTarget section */

/* Begin PBXProject section */
		5CCF5AA01BC6497B008F3476 /* Project object */ = {
			isa = PBXProject;
			attributes = {
				LastUpgradeCheck = 0720;
				ORGANIZATIONNAME = "Kirill Kudaev";
				TargetAttributes = {
					5CCF5AA71BC6497B008F3476 = {
						CreatedOnToolsVersion = 7.0.1;
						DevelopmentTeam = S96ZUR62V7;
						SystemCapabilities = {
							com.apple.Push = {
								enabled = 1;
							};
							com.apple.Wallet = {
								enabled = 0;
							};
						};
					};
				};
			};
			buildConfigurationList = 5CCF5AA31BC6497B008F3476 /* Build configuration list for PBXProject "Prin Food" */;
			compatibilityVersion = "Xcode 3.2";
			developmentRegion = English;
			hasScannedForEncodings = 0;
			knownRegions = (
				en,
				Base,
			);
			mainGroup = 5CCF5A9F1BC6497B008F3476;
			productRefGroup = 5CCF5A9F1BC6497B008F3476;
			projectDirPath = "";
			projectRoot = "";
			targets = (
				5CCF5AA71BC6497B008F3476 /* Prin Food */,
			);
		};
/* End PBXProject section */

/* Begin PBXResourcesBuildPhase section */
		5CCF5AA61BC6497B008F3476 /* Resources */ = {
			isa = PBXResourcesBuildPhase;
			buildActionMask = 2147483647;
			files = (
				56EF6D681CBEFB8D0035AE7D /* OpenSans-Bold.ttf in Resources */,
				56EF6D431CBEFA3E0035AE7D /* blueblur@2x.png in Resources */,
				56EF6D6E1CBEFB8D0035AE7D /* OpenSans-LightItalic.ttf in Resources */,
				56EF6D6F1CBEFB8D0035AE7D /* OpenSans-Regular.ttf in Resources */,
				56EF6D441CBEFA3E0035AE7D /* burg@2x.jpg in Resources */,
				56EF6D4F1CBEFAB50035AE7D /* arrow39@2x.png in Resources */,
				56EF6D4A1CBEFA3E0035AE7D /* smooth@2x.jpg in Resources */,
				56EF6D661CBEFB8D0035AE7D /* Lora2-Bold.ttf in Resources */,
				56EF6D481CBEFA3E0035AE7D /* pub1-01@2x.png in Resources */,
				56EF6D461CBEFA3E0035AE7D /* dining room@2x.png in Resources */,
				56EF6D471CBEFA3E0035AE7D /* eggs@2x.jpg in Resources */,
				56EF6D451CBEFA3E0035AE7D /* dining room3@2x.png in Resources */,
				56EF6D751CBEFB8D0035AE7D /* OpenSans4-Light.ttf in Resources */,
				56EF6D6A1CBEFB8D0035AE7D /* OpenSans-ExtraBold.ttf in Resources */,
				5CCF5ABB1BC6497B008F3476 /* LaunchScreen.storyboard in Resources */,
				56EF6D671CBEFB8D0035AE7D /* Lora3-BoldItalic.ttf in Resources */,
				56EF6D4C1CBEFA3E0035AE7D /* square-facebook-512@2x.png in Resources */,
				56EF6D6D1CBEFB8D0035AE7D /* OpenSans-Light.ttf in Resources */,
				56EF6D501CBEFAB50035AE7D /* contacts1@2x.png in Resources */,
				5CCF5AB81BC6497B008F3476 /* Assets.xcassets in Resources */,
				56EF6D721CBEFB8D0035AE7D /* OpenSans1-Bold.ttf in Resources */,
				56EF6D6C1CBEFB8D0035AE7D /* OpenSans-Italic.ttf in Resources */,
				56EF6D6B1CBEFB8D0035AE7D /* OpenSans-ExtraBoldItalic.ttf in Resources */,
				56EF6D691CBEFB8D0035AE7D /* OpenSans-BoldItalic.ttf in Resources */,
				56EF6D641CBEFB8D0035AE7D /* Lora-Regular.ttf in Resources */,
				56EF6D701CBEFB8D0035AE7D /* OpenSans-Semibold.ttf in Resources */,
				56EF6D731CBEFB8D0035AE7D /* OpenSans2-Semibold.ttf in Resources */,
				5CCF5AB61BC6497B008F3476 /* Main.storyboard in Resources */,
				56EF6D421CBEFA3E0035AE7D /* background_muffin3@2x.png in Resources */,
				56EF6D491CBEFA3E0035AE7D /* pub3@2x.png in Resources */,
				56EF6D4B1CBEFA3E0035AE7D /* smoothie@2x.jpg in Resources */,
				56EF6D711CBEFB8D0035AE7D /* OpenSans-SemiboldItalic.ttf in Resources */,
				56EF6D741CBEFB8D0035AE7D /* OpenSans3-Regular.ttf in Resources */,
				56EF6D651CBEFB8D0035AE7D /* Lora1-Italic.ttf in Resources */,
			);
			runOnlyForDeploymentPostprocessing = 0;
		};
/* End PBXResourcesBuildPhase section */

/* Begin PBXSourcesBuildPhase section */
		5CCF5AA41BC6497B008F3476 /* Sources */ = {
			isa = PBXSourcesBuildPhase;
			buildActionMask = 2147483647;
			files = (
				56EF6D9A1CBEFD3E0035AE7D /* FriendsCheckInTableViewCell.m in Sources */,
				56EF6D9B1CBEFD3E0035AE7D /* FriendsCheckInTableViewController.m in Sources */,
				5C3A58691C0F99FA006954DF /* PubHoursViewController.m in Sources */,
				5C380FB01C07EAE3004524CF /* MainViewController.m in Sources */,
				56EF6D921CBEFD030035AE7D /* Settings.m in Sources */,
				56EF6DA61CBEFD7A0035AE7D /* TableCellMeal.m in Sources */,
				5CCF5AB01BC6497B008F3476 /* AppDelegate.m in Sources */,
				56EF6DA71CBEFD7A0035AE7D /* TableViewControllerDish.m in Sources */,
				56EF6DA51CBEFD7A0035AE7D /* TableCellDish.m in Sources */,
				56EF6D901CBEFD030035AE7D /* LoginViewController.m in Sources */,
				56EF6D911CBEFD030035AE7D /* ProfilePictureButton.m in Sources */,
				56EF6D991CBEFD3E0035AE7D /* CheckInViewController.m in Sources */,
				56EF6DA41CBEFD7A0035AE7D /* MealsViewController.m in Sources */,
				5CCF5AAD1BC6497B008F3476 /* main.m in Sources */,
			);
			runOnlyForDeploymentPostprocessing = 0;
		};
/* End PBXSourcesBuildPhase section */

/* Begin PBXVariantGroup section */
		5CCF5AB41BC6497B008F3476 /* Main.storyboard */ = {
			isa = PBXVariantGroup;
			children = (
				5CCF5AB51BC6497B008F3476 /* Base */,
			);
			name = Main.storyboard;
			sourceTree = "<group>";
		};
		5CCF5AB91BC6497B008F3476 /* LaunchScreen.storyboard */ = {
			isa = PBXVariantGroup;
			children = (
				5CCF5ABA1BC6497B008F3476 /* Base */,
			);
			name = LaunchScreen.storyboard;
			sourceTree = "<group>";
		};
/* End PBXVariantGroup section */

/* Begin XCBuildConfiguration section */
		5CCF5ABD1BC6497B008F3476 /* Debug */ = {
			isa = XCBuildConfiguration;
			buildSettings = {
				ALWAYS_SEARCH_USER_PATHS = NO;
				CLANG_CXX_LANGUAGE_STANDARD = "gnu++0x";
				CLANG_CXX_LIBRARY = "libc++";
				CLANG_ENABLE_MODULES = YES;
				CLANG_ENABLE_OBJC_ARC = YES;
				CLANG_WARN_BOOL_CONVERSION = YES;
				CLANG_WARN_CONSTANT_CONVERSION = YES;
				CLANG_WARN_DIRECT_OBJC_ISA_USAGE = YES_ERROR;
				CLANG_WARN_EMPTY_BODY = YES;
				CLANG_WARN_ENUM_CONVERSION = YES;
				CLANG_WARN_INT_CONVERSION = YES;
				CLANG_WARN_OBJC_ROOT_CLASS = YES_ERROR;
				CLANG_WARN_UNREACHABLE_CODE = YES;
				CLANG_WARN__DUPLICATE_METHOD_MATCH = YES;
				"CODE_SIGN_IDENTITY[sdk=iphoneos*]" = "iPhone Developer";
				COPY_PHASE_STRIP = NO;
				DEBUG_INFORMATION_FORMAT = dwarf;
				ENABLE_STRICT_OBJC_MSGSEND = YES;
				ENABLE_TESTABILITY = YES;
				GCC_C_LANGUAGE_STANDARD = gnu99;
				GCC_DYNAMIC_NO_PIC = NO;
				GCC_NO_COMMON_BLOCKS = YES;
				GCC_OPTIMIZATION_LEVEL = 0;
				GCC_PREPROCESSOR_DEFINITIONS = (
					"DEBUG=1",
					"$(inherited)",
				);
				GCC_WARN_64_TO_32_BIT_CONVERSION = YES;
				GCC_WARN_ABOUT_RETURN_TYPE = YES_ERROR;
				GCC_WARN_UNDECLARED_SELECTOR = YES;
				GCC_WARN_UNINITIALIZED_AUTOS = YES_AGGRESSIVE;
				GCC_WARN_UNUSED_FUNCTION = YES;
				GCC_WARN_UNUSED_VARIABLE = YES;
				IPHONEOS_DEPLOYMENT_TARGET = 9.0;
				MTL_ENABLE_DEBUG_INFO = YES;
				ONLY_ACTIVE_ARCH = YES;
				SDKROOT = iphoneos;
			};
			name = Debug;
		};
		5CCF5ABE1BC6497B008F3476 /* Release */ = {
			isa = XCBuildConfiguration;
			buildSettings = {
				ALWAYS_SEARCH_USER_PATHS = NO;
				CLANG_CXX_LANGUAGE_STANDARD = "gnu++0x";
				CLANG_CXX_LIBRARY = "libc++";
				CLANG_ENABLE_MODULES = YES;
				CLANG_ENABLE_OBJC_ARC = YES;
				CLANG_WARN_BOOL_CONVERSION = YES;
				CLANG_WARN_CONSTANT_CONVERSION = YES;
				CLANG_WARN_DIRECT_OBJC_ISA_USAGE = YES_ERROR;
				CLANG_WARN_EMPTY_BODY = YES;
				CLANG_WARN_ENUM_CONVERSION = YES;
				CLANG_WARN_INT_CONVERSION = YES;
				CLANG_WARN_OBJC_ROOT_CLASS = YES_ERROR;
				CLANG_WARN_UNREACHABLE_CODE = YES;
				CLANG_WARN__DUPLICATE_METHOD_MATCH = YES;
				"CODE_SIGN_IDENTITY[sdk=iphoneos*]" = "iPhone Developer";
				COPY_PHASE_STRIP = NO;
				DEBUG_INFORMATION_FORMAT = "dwarf-with-dsym";
				ENABLE_NS_ASSERTIONS = NO;
				ENABLE_STRICT_OBJC_MSGSEND = YES;
				GCC_C_LANGUAGE_STANDARD = gnu99;
				GCC_NO_COMMON_BLOCKS = YES;
				GCC_WARN_64_TO_32_BIT_CONVERSION = YES;
				GCC_WARN_ABOUT_RETURN_TYPE = YES_ERROR;
				GCC_WARN_UNDECLARED_SELECTOR = YES;
				GCC_WARN_UNINITIALIZED_AUTOS = YES_AGGRESSIVE;
				GCC_WARN_UNUSED_FUNCTION = YES;
				GCC_WARN_UNUSED_VARIABLE = YES;
				IPHONEOS_DEPLOYMENT_TARGET = 9.0;
				MTL_ENABLE_DEBUG_INFO = NO;
				SDKROOT = iphoneos;
				VALIDATE_PRODUCT = YES;
			};
			name = Release;
		};
		5CCF5AC01BC6497B008F3476 /* Debug */ = {
			isa = XCBuildConfiguration;
			buildSettings = {
				ASSETCATALOG_COMPILER_APPICON_NAME = AppIcon;
				CODE_SIGN_IDENTITY = "iPhone Developer";
				"CODE_SIGN_IDENTITY[sdk=iphoneos*]" = "iPhone Developer";
				FRAMEWORK_SEARCH_PATHS = (
					"$(inherited)",
					"$(PROJECT_DIR)",
					"$(PROJECT_DIR)/Facebook",
					SDK,
					"$(PROJECT_DIR)/Parse",
					"$(PROJECT_DIR)/Facebook",
					SDK,
				);
				INFOPLIST_FILE = PrinFood/Info.plist;
				IPHONEOS_DEPLOYMENT_TARGET = 8.0;
				LD_RUNPATH_SEARCH_PATHS = "$(inherited) @executable_path/Frameworks";
				PRODUCT_BUNDLE_IDENTIFIER = kirillkudaev.PrinFood;
				PRODUCT_NAME = "Prin Food";
				PROVISIONING_PROFILE = "";
				TARGETED_DEVICE_FAMILY = 1;
			};
			name = Debug;
		};
		5CCF5AC11BC6497B008F3476 /* Release */ = {
			isa = XCBuildConfiguration;
			buildSettings = {
				ASSETCATALOG_COMPILER_APPICON_NAME = AppIcon;
				CODE_SIGN_IDENTITY = "iPhone Developer";
				"CODE_SIGN_IDENTITY[sdk=iphoneos*]" = "iPhone Developer";
				FRAMEWORK_SEARCH_PATHS = (
					"$(inherited)",
					"$(PROJECT_DIR)",
					"$(PROJECT_DIR)/Facebook",
					SDK,
					"$(PROJECT_DIR)/Parse",
					"$(PROJECT_DIR)/Facebook",
					SDK,
				);
				INFOPLIST_FILE = PrinFood/Info.plist;
				IPHONEOS_DEPLOYMENT_TARGET = 8.0;
				LD_RUNPATH_SEARCH_PATHS = "$(inherited) @executable_path/Frameworks";
				PRODUCT_BUNDLE_IDENTIFIER = kirillkudaev.PrinFood;
				PRODUCT_NAME = "Prin Food";
				PROVISIONING_PROFILE = "";
				TARGETED_DEVICE_FAMILY = 1;
			};
			name = Release;
		};
/* End XCBuildConfiguration section */

/* Begin XCConfigurationList section */
		5CCF5AA31BC6497B008F3476 /* Build configuration list for PBXProject "Prin Food" */ = {
			isa = XCConfigurationList;
			buildConfigurations = (
				5CCF5ABD1BC6497B008F3476 /* Debug */,
				5CCF5ABE1BC6497B008F3476 /* Release */,
			);
			defaultConfigurationIsVisible = 0;
			defaultConfigurationName = Release;
		};
		5CCF5ABF1BC6497B008F3476 /* Build configuration list for PBXNativeTarget "Prin Food" */ = {
			isa = XCConfigurationList;
			buildConfigurations = (
				5CCF5AC01BC6497B008F3476 /* Debug */,
				5CCF5AC11BC6497B008F3476 /* Release */,
			);
			defaultConfigurationIsVisible = 0;
			defaultConfigurationName = Release;
		};
/* End XCConfigurationList section */
	};
	rootObject = 5CCF5AA01BC6497B008F3476 /* Project object */;
}
